Microsoft Visual Studio Solution File, Format Version 12.00
# Visual Studio Version 18
VisualStudioVersion = 18.0.00000.0
MinimumVisualStudioVersion = 10.0.40219.1
Project("{9A19103F-16F7-4668-BE54-9A1E7A4F7556}") = "MultiAgentes", "MultiAgentes.csproj", "{80B11280-2AC0-48FD-A09F-614FAD986129}"
EndProject
Global
	GlobalSection(SolutionConfigurationPlatforms) = preSolution
		Debug|Any CPU = Debug|Any CPU
		Release|Any CPU = Release|Any CPU
	EndGlobalSection
	GlobalSection(ProjectConfigurationPlatforms) = postSolution
		{80B11280-2AC0-48FD-A09F-614FAD986129}.Debug|Any CPU.ActiveCfg = Debug|Any CPU
		{80B11280-2AC0-48FD-A09F-614FAD986129}.Debug|Any CPU.Build.0 = Debug|Any CPU
		{80B11280-2AC0-48FD-A09F-614FAD986129}.Release|Any CPU.ActiveCfg = Release|Any CPU
		{80B11280-2AC0-48FD-A09F-614FAD986129}.Release|Any CPU.Build.0 = Release|Any CPU
	EndGlobalSection
	GlobalSection(SolutionProperties) = preSolution
		HideSolutionNode = FALSE
	EndGlobalSection
	GlobalSection(ExtensibilityGlobals) = postSolution
		SolutionGuid = {5B793E46-7856-4527-9BE0-88C2FDF6280A}
	EndGlobalSection
EndGlobal
